
Microsoft Visual Studio Solution File, Format Version 12.00
# Visual Studio 2013
VisualStudioVersion = 12.0.31101.0
MinimumVisualStudioVersion = 10.0.40219.1
Project("{FAE04EC0-301F-11D3-BF4B-00C04F79EFBC}") = "FriendWrangler.iOS", "FriendWrangler\FriendWrangler.iOS\FriendWrangler.iOS.csproj", "{8F2F15E7-49DC-4953-AAD9-CF90E05570F3}"
EndProject
Project("{FAE04EC0-301F-11D3-BF4B-00C04F79EFBC}") = "FriendWrangler.Droid", "FriendWrangler\FriendWrangler.Droid\FriendWrangler.Droid.csproj", "{298CF306-7127-4455-A3CD-567D17B1BD6D}"
EndProject
Project("{FAE04EC0-301F-11D3-BF4B-00C04F79EFBC}") = "FriendWrangler.WinPhone", "FriendWrangler\FriendWrangler.WinPhone\FriendWrangler.WinPhone.csproj", "{4758A28A-8258-4138-9C5F-FF2F34CE2B3C}"
EndProject
Project("{FAE04EC0-301F-11D3-BF4B-00C04F79EFBC}") = "FriendWranglerTests", "FriendWranglerTests\FriendWranglerTests.csproj", "{C4AD69B8-B21E-4B26-A0A1-DEBFAF6DA3DF}"
EndProject
Project("{FAE04EC0-301F-11D3-BF4B-00C04F79EFBC}") = "FriendWrangler.Core", "FriendWrangler\FriendWrangler.Core3\FriendWrangler.Core.csproj", "{39E9598A-77F1-4328-B9C6-9AECDFF5F64F}"
EndProject
Project("{FAE04EC0-301F-11D3-BF4B-00C04F79EFBC}") = "AndroidTest", "AndroidTest\AndroidTest.csproj", "{A0E8A9DB-F3EB-4E9B-ABC2-97AD15B61ECD}"
EndProject
Global
	GlobalSection(SolutionConfigurationPlatforms) = preSolution
		Debug|Any CPU = Debug|Any CPU
		Debug|ARM = Debug|ARM
		Debug|iPhone = Debug|iPhone
		Debug|iPhoneSimulator = Debug|iPhoneSimulator
		Debug|Mixed Platforms = Debug|Mixed Platforms
		Debug|x86 = Debug|x86
		Release|Any CPU = Release|Any CPU
		Release|ARM = Release|ARM
		Release|iPhone = Release|iPhone
		Release|iPhoneSimulator = Release|iPhoneSimulator
		Release|Mixed Platforms = Release|Mixed Platforms
		Release|x86 = Release|x86
	EndGlobalSection
	GlobalSection(ProjectConfigurationPlatforms) = postSolution
		{8F2F15E7-49DC-4953-AAD9-CF90E05570F3}.Debug|Any CPU.ActiveCfg = Debug|iPhone
		{8F2F15E7-49DC-4953-AAD9-CF90E05570F3}.Debug|ARM.ActiveCfg = Debug|iPhone
		{8F2F15E7-49DC-4953-AAD9-CF90E05570F3}.Debug|iPhone.ActiveCfg = Debug|iPhone
		{8F2F15E7-49DC-4953-AAD9-CF90E05570F3}.Debug|iPhone.Build.0 = Debug|iPhone
		{8F2F15E7-49DC-4953-AAD9-CF90E05570F3}.Debug|iPhoneSimulator.ActiveCfg = Debug|iPhoneSimulator
		{8F2F15E7-49DC-4953-AAD9-CF90E05570F3}.Debug|iPhoneSimulator.Build.0 = Debug|iPhoneSimulator
		{8F2F15E7-49DC-4953-AAD9-CF90E05570F3}.Debug|Mixed Platforms.ActiveCfg = Debug|iPhone
		{8F2F15E7-49DC-4953-AAD9-CF90E05570F3}.Debug|Mixed Platforms.Build.0 = Debug|iPhone
		{8F2F15E7-49DC-4953-AAD9-CF90E05570F3}.Debug|x86.ActiveCfg = Debug|iPhone
		{8F2F15E7-49DC-4953-AAD9-CF90E05570F3}.Release|Any CPU.ActiveCfg = Release|iPhone
		{8F2F15E7-49DC-4953-AAD9-CF90E05570F3}.Release|ARM.ActiveCfg = Release|iPhone
		{8F2F15E7-49DC-4953-AAD9-CF90E05570F3}.Release|iPhone.ActiveCfg = Release|iPhone
		{8F2F15E7-49DC-4953-AAD9-CF90E05570F3}.Release|iPhone.Build.0 = Release|iPhone
		{8F2F15E7-49DC-4953-AAD9-CF90E05570F3}.Release|iPhoneSimulator.ActiveCfg = Release|iPhoneSimulator
		{8F2F15E7-49DC-4953-AAD9-CF90E05570F3}.Release|iPhoneSimulator.Build.0 = Release|iPhoneSimulator
		{8F2F15E7-49DC-4953-AAD9-CF90E05570F3}.Release|Mixed Platforms.ActiveCfg = Release|iPhone
		{8F2F15E7-49DC-4953-AAD9-CF90E05570F3}.Release|Mixed Platforms.Build.0 = Release|iPhone
		{8F2F15E7-49DC-4953-AAD9-CF90E05570F3}.Release|x86.ActiveCfg = Release|iPhone
		{298CF306-7127-4455-A3CD-567D17B1BD6D}.Debug|Any CPU.ActiveCfg = Debug|Any CPU
		{298CF306-7127-4455-A3CD-567D17B1BD6D}.Debug|Any CPU.Build.0 = Debug|Any CPU
		{298CF306-7127-4455-A3CD-567D17B1BD6D}.Debug|Any CPU.Deploy.0 = Debug|Any CPU
		{298CF306-7127-4455-A3CD-567D17B1BD6D}.Debug|ARM.ActiveCfg = Debug|Any CPU
		{298CF306-7127-4455-A3CD-567D17B1BD6D}.Debug|iPhone.ActiveCfg = Debug|Any CPU
		{298CF306-7127-4455-A3CD-567D17B1BD6D}.Debug|iPhone.Build.0 = Debug|Any CPU
		{298CF306-7127-4455-A3CD-567D17B1BD6D}.Debug|iPhoneSimulator.ActiveCfg = Debug|Any CPU
		{298CF306-7127-4455-A3CD-567D17B1BD6D}.Debug|Mixed Platforms.ActiveCfg = Debug|Any CPU
		{298CF306-7127-4455-A3CD-567D17B1BD6D}.Debug|Mixed Platforms.Build.0 = Debug|Any CPU
		{298CF306-7127-4455-A3CD-567D17B1BD6D}.Debug|Mixed Platforms.Deploy.0 = Debug|Any CPU
		{298CF306-7127-4455-A3CD-567D17B1BD6D}.Debug|x86.ActiveCfg = Debug|Any CPU
		{298CF306-7127-4455-A3CD-567D17B1BD6D}.Release|Any CPU.ActiveCfg = Release|Any CPU
		{298CF306-7127-4455-A3CD-567D17B1BD6D}.Release|Any CPU.Build.0 = Release|Any CPU
		{298CF306-7127-4455-A3CD-567D17B1BD6D}.Release|Any CPU.Deploy.0 = Release|Any CPU
		{298CF306-7127-4455-A3CD-567D17B1BD6D}.Release|ARM.ActiveCfg = Release|Any CPU
		{298CF306-7127-4455-A3CD-567D17B1BD6D}.Release|iPhone.ActiveCfg = Release|Any CPU
		{298CF306-7127-4455-A3CD-567D17B1BD6D}.Release|iPhoneSimulator.ActiveCfg = Release|Any CPU
		{298CF306-7127-4455-A3CD-567D17B1BD6D}.Release|Mixed Platforms.ActiveCfg = Release|Any CPU
		{298CF306-7127-4455-A3CD-567D17B1BD6D}.Release|Mixed Platforms.Build.0 = Release|Any CPU
		{298CF306-7127-4455-A3CD-567D17B1BD6D}.Release|Mixed Platforms.Deploy.0 = Release|Any CPU
		{298CF306-7127-4455-A3CD-567D17B1BD6D}.Release|x86.ActiveCfg = Release|Any CPU
		{4758A28A-8258-4138-9C5F-FF2F34CE2B3C}.Debug|Any CPU.ActiveCfg = Debug|Any CPU
		{4758A28A-8258-4138-9C5F-FF2F34CE2B3C}.Debug|Any CPU.Build.0 = Debug|Any CPU
		{4758A28A-8258-4138-9C5F-FF2F34CE2B3C}.Debug|Any CPU.Deploy.0 = Debug|Any CPU
		{4758A28A-8258-4138-9C5F-FF2F34CE2B3C}.Debug|ARM.ActiveCfg = Debug|ARM
		{4758A28A-8258-4138-9C5F-FF2F34CE2B3C}.Debug|ARM.Build.0 = Debug|ARM
		{4758A28A-8258-4138-9C5F-FF2F34CE2B3C}.Debug|ARM.Deploy.0 = Debug|ARM
		{4758A28A-8258-4138-9C5F-FF2F34CE2B3C}.Debug|iPhone.ActiveCfg = Debug|Any CPU
		{4758A28A-8258-4138-9C5F-FF2F34CE2B3C}.Debug|iPhone.Build.0 = Debug|Any CPU
		{4758A28A-8258-4138-9C5F-FF2F34CE2B3C}.Debug|iPhoneSimulator.ActiveCfg = Debug|Any CPU
		{4758A28A-8258-4138-9C5F-FF2F34CE2B3C}.Debug|Mixed Platforms.ActiveCfg = Debug|x86
		{4758A28A-8258-4138-9C5F-FF2F34CE2B3C}.Debug|Mixed Platforms.Build.0 = Debug|x86
		{4758A28A-8258-4138-9C5F-FF2F34CE2B3C}.Debug|Mixed Platforms.Deploy.0 = Debug|x86
		{4758A28A-8258-4138-9C5F-FF2F34CE2B3C}.Debug|x86.ActiveCfg = Debug|x86
		{4758A28A-8258-4138-9C5F-FF2F34CE2B3C}.Debug|x86.Build.0 = Debug|x86
		{4758A28A-8258-4138-9C5F-FF2F34CE2B3C}.Debug|x86.Deploy.0 = Debug|x86
		{4758A28A-8258-4138-9C5F-FF2F34CE2B3C}.Release|Any CPU.ActiveCfg = Release|Any CPU
		{4758A28A-8258-4138-9C5F-FF2F34CE2B3C}.Release|Any CPU.Build.0 = Release|Any CPU
		{4758A28A-8258-4138-9C5F-FF2F34CE2B3C}.Release|Any CPU.Deploy.0 = Release|Any CPU
		{4758A28A-8258-4138-9C5F-FF2F34CE2B3C}.Release|ARM.ActiveCfg = Release|ARM
		{4758A28A-8258-4138-9C5F-FF2F34CE2B3C}.Release|ARM.Build.0 = Release|ARM
		{4758A28A-8258-4138-9C5F-FF2F34CE2B3C}.Release|ARM.Deploy.0 = Release|ARM
		{4758A28A-8258-4138-9C5F-FF2F34CE2B3C}.Release|iPhone.ActiveCfg = Release|Any CPU
		{4758A28A-8258-4138-9C5F-FF2F34CE2B3C}.Release|iPhoneSimulator.ActiveCfg = Release|Any CPU
		{4758A28A-8258-4138-9C5F-FF2F34CE2B3C}.Release|Mixed Platforms.ActiveCfg = Release|x86
		{4758A28A-8258-4138-9C5F-FF2F34CE2B3C}.Release|Mixed Platforms.Build.0 = Release|x86
		{4758A28A-8258-4138-9C5F-FF2F34CE2B3C}.Release|Mixed Platforms.Deploy.0 = Release|x86
		{4758A28A-8258-4138-9C5F-FF2F34CE2B3C}.Release|x86.ActiveCfg = Release|x86
		{4758A28A-8258-4138-9C5F-FF2F34CE2B3C}.Release|x86.Build.0 = Release|x86
		{4758A28A-8258-4138-9C5F-FF2F34CE2B3C}.Release|x86.Deploy.0 = Release|x86
		{C4AD69B8-B21E-4B26-A0A1-DEBFAF6DA3DF}.Debug|Any CPU.ActiveCfg = Debug|Any CPU
		{C4AD69B8-B21E-4B26-A0A1-DEBFAF6DA3DF}.Debug|Any CPU.Build.0 = Debug|Any CPU
		{C4AD69B8-B21E-4B26-A0A1-DEBFAF6DA3DF}.Debug|ARM.ActiveCfg = Debug|Any CPU
		{C4AD69B8-B21E-4B26-A0A1-DEBFAF6DA3DF}.Debug|iPhone.ActiveCfg = Debug|Any CPU
		{C4AD69B8-B21E-4B26-A0A1-DEBFAF6DA3DF}.Debug|iPhone.Build.0 = Debug|Any CPU
		{C4AD69B8-B21E-4B26-A0A1-DEBFAF6DA3DF}.Debug|iPhoneSimulator.ActiveCfg = Debug|Any CPU
		{C4AD69B8-B21E-4B26-A0A1-DEBFAF6DA3DF}.Debug|Mixed Platforms.ActiveCfg = Debug|Any CPU
		{C4AD69B8-B21E-4B26-A0A1-DEBFAF6DA3DF}.Debug|Mixed Platforms.Build.0 = Debug|Any CPU
		{C4AD69B8-B21E-4B26-A0A1-DEBFAF6DA3DF}.Debug|x86.ActiveCfg = Debug|Any CPU
		{C4AD69B8-B21E-4B26-A0A1-DEBFAF6DA3DF}.Release|Any CPU.ActiveCfg = Release|Any CPU
		{C4AD69B8-B21E-4B26-A0A1-DEBFAF6DA3DF}.Release|Any CPU.Build.0 = Release|Any CPU
		{C4AD69B8-B21E-4B26-A0A1-DEBFAF6DA3DF}.Release|ARM.ActiveCfg = Release|Any CPU
		{C4AD69B8-B21E-4B26-A0A1-DEBFAF6DA3DF}.Release|iPhone.ActiveCfg = Release|Any CPU
		{C4AD69B8-B21E-4B26-A0A1-DEBFAF6DA3DF}.Release|iPhoneSimulator.ActiveCfg = Release|Any CPU
		{C4AD69B8-B21E-4B26-A0A1-DEBFAF6DA3DF}.Release|Mixed Platforms.ActiveCfg = Release|Any CPU
		{C4AD69B8-B21E-4B26-A0A1-DEBFAF6DA3DF}.Release|Mixed Platforms.Build.0 = Release|Any CPU
		{C4AD69B8-B21E-4B26-A0A1-DEBFAF6DA3DF}.Release|x86.ActiveCfg = Release|Any CPU
		{39E9598A-77F1-4328-B9C6-9AECDFF5F64F}.Debug|Any CPU.ActiveCfg = Debug|Any CPU
		{39E9598A-77F1-4328-B9C6-9AECDFF5F64F}.Debug|Any CPU.Build.0 = Debug|Any CPU
		{39E9598A-77F1-4328-B9C6-9AECDFF5F64F}.Debug|ARM.ActiveCfg = Debug|Any CPU
		{39E9598A-77F1-4328-B9C6-9AECDFF5F64F}.Debug|iPhone.ActiveCfg = Debug|Any CPU
		{39E9598A-77F1-4328-B9C6-9AECDFF5F64F}.Debug|iPhoneSimulator.ActiveCfg = Debug|Any CPU
		{39E9598A-77F1-4328-B9C6-9AECDFF5F64F}.Debug|Mixed Platforms.ActiveCfg = Debug|Any CPU
		{39E9598A-77F1-4328-B9C6-9AECDFF5F64F}.Debug|Mixed Platforms.Build.0 = Debug|Any CPU
		{39E9598A-77F1-4328-B9C6-9AECDFF5F64F}.Debug|x86.ActiveCfg = Debug|Any CPU
		{39E9598A-77F1-4328-B9C6-9AECDFF5F64F}.Release|Any CPU.ActiveCfg = Release|Any CPU
		{39E9598A-77F1-4328-B9C6-9AECDFF5F64F}.Release|Any CPU.Build.0 = Release|Any CPU
		{39E9598A-77F1-4328-B9C6-9AECDFF5F64F}.Release|ARM.ActiveCfg = Release|Any CPU
		{39E9598A-77F1-4328-B9C6-9AECDFF5F64F}.Release|iPhone.ActiveCfg = Release|Any CPU
		{39E9598A-77F1-4328-B9C6-9AECDFF5F64F}.Release|iPhoneSimulator.ActiveCfg = Release|Any CPU
		{39E9598A-77F1-4328-B9C6-9AECDFF5F64F}.Release|Mixed Platforms.ActiveCfg = Release|Any CPU
		{39E9598A-77F1-4328-B9C6-9AECDFF5F64F}.Release|Mixed Platforms.Build.0 = Release|Any CPU
		{39E9598A-77F1-4328-B9C6-9AECDFF5F64F}.Release|x86.ActiveCfg = Release|Any CPU
		{A0E8A9DB-F3EB-4E9B-ABC2-97AD15B61ECD}.Debug|Any CPU.ActiveCfg = Debug|Any CPU
		{A0E8A9DB-F3EB-4E9B-ABC2-97AD15B61ECD}.Debug|Any CPU.Build.0 = Debug|Any CPU
		{A0E8A9DB-F3EB-4E9B-ABC2-97AD15B61ECD}.Debug|Any CPU.Deploy.0 = Debug|Any CPU
		{A0E8A9DB-F3EB-4E9B-ABC2-97AD15B61ECD}.Debug|ARM.ActiveCfg = Debug|Any CPU
		{A0E8A9DB-F3EB-4E9B-ABC2-97AD15B61ECD}.Debug|iPhone.ActiveCfg = Debug|Any CPU
		{A0E8A9DB-F3EB-4E9B-ABC2-97AD15B61ECD}.Debug|iPhoneSimulator.ActiveCfg = Debug|Any CPU
		{A0E8A9DB-F3EB-4E9B-ABC2-97AD15B61ECD}.Debug|Mixed Platforms.ActiveCfg = Debug|Any CPU
		{A0E8A9DB-F3EB-4E9B-ABC2-97AD15B61ECD}.Debug|Mixed Platforms.Build.0 = Debug|Any CPU
		{A0E8A9DB-F3EB-4E9B-ABC2-97AD15B61ECD}.Debug|Mixed Platforms.Deploy.0 = Debug|Any CPU
		{A0E8A9DB-F3EB-4E9B-ABC2-97AD15B61ECD}.Debug|x86.ActiveCfg = Debug|Any CPU
		{A0E8A9DB-F3EB-4E9B-ABC2-97AD15B61ECD}.Release|Any CPU.ActiveCfg = Release|Any CPU
		{A0E8A9DB-F3EB-4E9B-ABC2-97AD15B61ECD}.Release|Any CPU.Build.0 = Release|Any CPU
		{A0E8A9DB-F3EB-4E9B-ABC2-97AD15B61ECD}.Release|Any CPU.Deploy.0 = Release|Any CPU
		{A0E8A9DB-F3EB-4E9B-ABC2-97AD15B61ECD}.Release|ARM.ActiveCfg = Release|Any CPU
		{A0E8A9DB-F3EB-4E9B-ABC2-97AD15B61ECD}.Release|iPhone.ActiveCfg = Release|Any CPU
		{A0E8A9DB-F3EB-4E9B-ABC2-97AD15B61ECD}.Release|iPhoneSimulator.ActiveCfg = Release|Any CPU
		{A0E8A9DB-F3EB-4E9B-ABC2-97AD15B61ECD}.Release|Mixed Platforms.ActiveCfg = Release|Any CPU
		{A0E8A9DB-F3EB-4E9B-ABC2-97AD15B61ECD}.Release|Mixed Platforms.Build.0 = Release|Any CPU
		{A0E8A9DB-F3EB-4E9B-ABC2-97AD15B61ECD}.Release|Mixed Platforms.Deploy.0 = Release|Any CPU
		{A0E8A9DB-F3EB-4E9B-ABC2-97AD15B61ECD}.Release|x86.ActiveCfg = Release|Any CPU
	EndGlobalSection
	GlobalSection(SolutionProperties) = preSolution
		HideSolutionNode = FALSE
	EndGlobalSection
EndGlobal
